
Microsoft Visual Studio Solution File, Format Version 12.00
# Visual Studio Version 17
VisualStudioVersion = 17.10.35027.167
MinimumVisualStudioVersion = 10.0.40219.1
Project("{FAE04EC0-301F-11D3-BF4B-00C04F79EFBC}") = "GK-PolyEdit", "GK-PolyEdit\GK-PolyEdit.csproj", "{551F3EB0-6E04-41E2-BA4A-1A8E7CB0CDB8}"
EndProject
Global
	GlobalSection(SolutionConfigurationPlatforms) = preSolution
		Debug|Any CPU = Debug|Any CPU
		Release|Any CPU = Release|Any CPU
	EndGlobalSection
	GlobalSection(ProjectConfigurationPlatforms) = postSolution
		{551F3EB0-6E04-41E2-BA4A-1A8E7CB0CDB8}.Debug|Any CPU.ActiveCfg = Debug|Any CPU
		{551F3EB0-6E04-41E2-BA4A-1A8E7CB0CDB8}.Debug|Any CPU.Build.0 = Debug|Any CPU
		{551F3EB0-6E04-41E2-BA4A-1A8E7CB0CDB8}.Release|Any CPU.ActiveCfg = Release|Any CPU
		{551F3EB0-6E04-41E2-BA4A-1A8E7CB0CDB8}.Release|Any CPU.Build.0 = Release|Any CPU
	EndGlobalSection
	GlobalSection(SolutionProperties) = preSolution
		HideSolutionNode = FALSE
	EndGlobalSection
	GlobalSection(ExtensibilityGlobals) = postSolution
		SolutionGuid = {93361E6D-A674-43A1-A3BA-FBA615D35A13}
	EndGlobalSection
EndGlobal
